
Microsoft Visual Studio Solution File, Format Version 12.00
# Visual Studio Version 16
VisualStudioVersion = 16.0.29102.190
MinimumVisualStudioVersion = 10.0.40219.1
Project("{8BC9CEB8-8B4A-11D0-8D11-00A0C91BC942}") = "Freenove_Code", "Freenove_Code\Freenove_Code.vcxproj", "{42B5FF6F-CEE6-45AC-B53E-F81FBC5A4805}"
EndProject
Project("{8BC9CEB8-8B4A-11D0-8D11-00A0C91BC942}") = "00.0.0_Hello", "00.0.0_Hello\00.0.0_Hello.vcxproj", "{2E50BF60-B0F7-46C4-987A-61B7F35E3A01}"
EndProject
Project("{8BC9CEB8-8B4A-11D0-8D11-00A0C91BC942}") = "01.1.1_Blink", "01.1.1_Blink\01.1.1_Blink.vcxproj", "{AFFB34A3-12E5-409B-A0F5-577669C02CDC}"
EndProject
Project("{8BC9CEB8-8B4A-11D0-8D11-00A0C91BC942}") = "02.1.1_ButtonLED", "02.1.1_ButtonLED\02.1.1_ButtonLED.vcxproj", "{1B92D404-F577-488E-9232-D007F5D60250}"
EndProject
Global
	GlobalSection(SolutionConfigurationPlatforms) = preSolution
		Debug|ARM = Debug|ARM
		Debug|ARM64 = Debug|ARM64
		Release|ARM = Release|ARM
		Release|ARM64 = Release|ARM64
	EndGlobalSection
	GlobalSection(ProjectConfigurationPlatforms) = postSolution
		{42B5FF6F-CEE6-45AC-B53E-F81FBC5A4805}.Debug|ARM.ActiveCfg = Debug|ARM
		{42B5FF6F-CEE6-45AC-B53E-F81FBC5A4805}.Debug|ARM.Build.0 = Debug|ARM
		{42B5FF6F-CEE6-45AC-B53E-F81FBC5A4805}.Debug|ARM.Deploy.0 = Debug|ARM
		{42B5FF6F-CEE6-45AC-B53E-F81FBC5A4805}.Debug|ARM64.ActiveCfg = Debug|ARM64
		{42B5FF6F-CEE6-45AC-B53E-F81FBC5A4805}.Debug|ARM64.Build.0 = Debug|ARM64
		{42B5FF6F-CEE6-45AC-B53E-F81FBC5A4805}.Debug|ARM64.Deploy.0 = Debug|ARM64
		{42B5FF6F-CEE6-45AC-B53E-F81FBC5A4805}.Release|ARM.ActiveCfg = Release|ARM
		{42B5FF6F-CEE6-45AC-B53E-F81FBC5A4805}.Release|ARM.Build.0 = Release|ARM
		{42B5FF6F-CEE6-45AC-B53E-F81FBC5A4805}.Release|ARM.Deploy.0 = Release|ARM
		{42B5FF6F-CEE6-45AC-B53E-F81FBC5A4805}.Release|ARM64.ActiveCfg = Release|ARM64
		{42B5FF6F-CEE6-45AC-B53E-F81FBC5A4805}.Release|ARM64.Build.0 = Release|ARM64
		{42B5FF6F-CEE6-45AC-B53E-F81FBC5A4805}.Release|ARM64.Deploy.0 = Release|ARM64
		{2E50BF60-B0F7-46C4-987A-61B7F35E3A01}.Debug|ARM.ActiveCfg = Debug|ARM
		{2E50BF60-B0F7-46C4-987A-61B7F35E3A01}.Debug|ARM.Build.0 = Debug|ARM
		{2E50BF60-B0F7-46C4-987A-61B7F35E3A01}.Debug|ARM.Deploy.0 = Debug|ARM
		{2E50BF60-B0F7-46C4-987A-61B7F35E3A01}.Debug|ARM64.ActiveCfg = Debug|ARM64
		{2E50BF60-B0F7-46C4-987A-61B7F35E3A01}.Debug|ARM64.Build.0 = Debug|ARM64
		{2E50BF60-B0F7-46C4-987A-61B7F35E3A01}.Debug|ARM64.Deploy.0 = Debug|ARM64
		{2E50BF60-B0F7-46C4-987A-61B7F35E3A01}.Release|ARM.ActiveCfg = Release|ARM
		{2E50BF60-B0F7-46C4-987A-61B7F35E3A01}.Release|ARM.Build.0 = Release|ARM
		{2E50BF60-B0F7-46C4-987A-61B7F35E3A01}.Release|ARM.Deploy.0 = Release|ARM
		{2E50BF60-B0F7-46C4-987A-61B7F35E3A01}.Release|ARM64.ActiveCfg = Release|ARM64
		{2E50BF60-B0F7-46C4-987A-61B7F35E3A01}.Release|ARM64.Build.0 = Release|ARM64
		{2E50BF60-B0F7-46C4-987A-61B7F35E3A01}.Release|ARM64.Deploy.0 = Release|ARM64
		{AFFB34A3-12E5-409B-A0F5-577669C02CDC}.Debug|ARM.ActiveCfg = Debug|ARM
		{AFFB34A3-12E5-409B-A0F5-577669C02CDC}.Debug|ARM.Build.0 = Debug|ARM
		{AFFB34A3-12E5-409B-A0F5-577669C02CDC}.Debug|ARM.Deploy.0 = Debug|ARM
		{AFFB34A3-12E5-409B-A0F5-577669C02CDC}.Debug|ARM64.ActiveCfg = Debug|ARM64
		{AFFB34A3-12E5-409B-A0F5-577669C02CDC}.Debug|ARM64.Build.0 = Debug|ARM64
		{AFFB34A3-12E5-409B-A0F5-577669C02CDC}.Debug|ARM64.Deploy.0 = Debug|ARM64
		{AFFB34A3-12E5-409B-A0F5-577669C02CDC}.Release|ARM.ActiveCfg = Release|ARM
		{AFFB34A3-12E5-409B-A0F5-577669C02CDC}.Release|ARM.Build.0 = Release|ARM
		{AFFB34A3-12E5-409B-A0F5-577669C02CDC}.Release|ARM.Deploy.0 = Release|ARM
		{AFFB34A3-12E5-409B-A0F5-577669C02CDC}.Release|ARM64.ActiveCfg = Release|ARM64
		{AFFB34A3-12E5-409B-A0F5-577669C02CDC}.Release|ARM64.Build.0 = Release|ARM64
		{AFFB34A3-12E5-409B-A0F5-577669C02CDC}.Release|ARM64.Deploy.0 = Release|ARM64
		{1B92D404-F577-488E-9232-D007F5D60250}.Debug|ARM.ActiveCfg = Debug|ARM
		{1B92D404-F577-488E-9232-D007F5D60250}.Debug|ARM.Build.0 = Debug|ARM
		{1B92D404-F577-488E-9232-D007F5D60250}.Debug|ARM.Deploy.0 = Debug|ARM
		{1B92D404-F577-488E-9232-D007F5D60250}.Debug|ARM64.ActiveCfg = Debug|ARM64
		{1B92D404-F577-488E-9232-D007F5D60250}.Debug|ARM64.Build.0 = Debug|ARM64
		{1B92D404-F577-488E-9232-D007F5D60250}.Debug|ARM64.Deploy.0 = Debug|ARM64
		{1B92D404-F577-488E-9232-D007F5D60250}.Release|ARM.ActiveCfg = Release|ARM
		{1B92D404-F577-488E-9232-D007F5D60250}.Release|ARM.Build.0 = Release|ARM
		{1B92D404-F577-488E-9232-D007F5D60250}.Release|ARM.Deploy.0 = Release|ARM
		{1B92D404-F577-488E-9232-D007F5D60250}.Release|ARM64.ActiveCfg = Release|ARM64
		{1B92D404-F577-488E-9232-D007F5D60250}.Release|ARM64.Build.0 = Release|ARM64
		{1B92D404-F577-488E-9232-D007F5D60250}.Release|ARM64.Deploy.0 = Release|ARM64
	EndGlobalSection
	GlobalSection(SolutionProperties) = preSolution
		HideSolutionNode = FALSE
	EndGlobalSection
	GlobalSection(ExtensibilityGlobals) = postSolution
		SolutionGuid = {4AADAF64-DC79-4652-9C59-578AF9370ABE}
	EndGlobalSection
EndGlobal
